
Microsoft Visual Studio Solution File, Format Version 12.00
# Visual Studio Version 17
VisualStudioVersion = 17.4.33213.308
MinimumVisualStudioVersion = 10.0.40219.1
Project("{FAE04EC0-301F-11D3-BF4B-00C04F79EFBC}") = "Ivony.Core", "Ivony.Core\Ivony.Core.csproj", "{BF0B37E7-2D93-4A3D-AD6D-0B51B66F5B21}"
EndProject
Project("{FAE04EC0-301F-11D3-BF4B-00C04F79EFBC}") = "Ivony.Html", "Ivony.Html\Ivony.Html.csproj", "{E775B408-605F-4B66-87B6-98596069B703}"
EndProject
Project("{FAE04EC0-301F-11D3-BF4B-00C04F79EFBC}") = "Ivony.Html.Parser", "Ivony.Html.Parser\Ivony.Html.Parser.csproj", "{D05D58D3-5C3A-41BD-BA9E-2AA532A3B1BE}"
EndProject
Project("{2150E333-8FDC-42A3-9474-1A3956D46DE8}") = "Test", "Test", "{5819B631-AB5E-437C-AD43-D53F8A38086B}"
EndProject
Project("{FAE04EC0-301F-11D3-BF4B-00C04F79EFBC}") = "CssTest", "SelectorTest\CssTest.csproj", "{4AA86193-4163-4451-9E7A-3A03D925E97C}"
EndProject
Project("{FAE04EC0-301F-11D3-BF4B-00C04F79EFBC}") = "TestConsole", "TestConsole\TestConsole.csproj", "{5E0D8705-9477-4577-97BB-F4639EA8B0C1}"
EndProject
Project("{FAE04EC0-301F-11D3-BF4B-00C04F79EFBC}") = "SpeficationTest", "SpeficationTest\SpeficationTest.csproj", "{D4895FC7-B7DA-47D4-B46A-259C8E38C1FC}"
EndProject
Project("{FAE04EC0-301F-11D3-BF4B-00C04F79EFBC}") = "APITest", "APITest\APITest.csproj", "{B26BA503-8721-4547-BCB7-E373C73AEB37}"
EndProject
Global
	GlobalSection(SolutionConfigurationPlatforms) = preSolution
		Debug|Any CPU = Debug|Any CPU
		Release|Any CPU = Release|Any CPU
	EndGlobalSection
	GlobalSection(ProjectConfigurationPlatforms) = postSolution
		{BF0B37E7-2D93-4A3D-AD6D-0B51B66F5B21}.Debug|Any CPU.ActiveCfg = Debug|Any CPU
		{BF0B37E7-2D93-4A3D-AD6D-0B51B66F5B21}.Debug|Any CPU.Build.0 = Debug|Any CPU
		{BF0B37E7-2D93-4A3D-AD6D-0B51B66F5B21}.Release|Any CPU.ActiveCfg = Release|Any CPU
		{BF0B37E7-2D93-4A3D-AD6D-0B51B66F5B21}.Release|Any CPU.Build.0 = Release|Any CPU
		{E775B408-605F-4B66-87B6-98596069B703}.Debug|Any CPU.ActiveCfg = Debug|Any CPU
		{E775B408-605F-4B66-87B6-98596069B703}.Debug|Any CPU.Build.0 = Debug|Any CPU
		{E775B408-605F-4B66-87B6-98596069B703}.Release|Any CPU.ActiveCfg = Release|Any CPU
		{E775B408-605F-4B66-87B6-98596069B703}.Release|Any CPU.Build.0 = Release|Any CPU
		{D05D58D3-5C3A-41BD-BA9E-2AA532A3B1BE}.Debug|Any CPU.ActiveCfg = Debug|Any CPU
		{D05D58D3-5C3A-41BD-BA9E-2AA532A3B1BE}.Debug|Any CPU.Build.0 = Debug|Any CPU
		{D05D58D3-5C3A-41BD-BA9E-2AA532A3B1BE}.Release|Any CPU.ActiveCfg = Release|Any CPU
		{D05D58D3-5C3A-41BD-BA9E-2AA532A3B1BE}.Release|Any CPU.Build.0 = Release|Any CPU
		{4AA86193-4163-4451-9E7A-3A03D925E97C}.Debug|Any CPU.ActiveCfg = Debug|Any CPU
		{4AA86193-4163-4451-9E7A-3A03D925E97C}.Debug|Any CPU.Build.0 = Debug|Any CPU
		{4AA86193-4163-4451-9E7A-3A03D925E97C}.Release|Any CPU.ActiveCfg = Release|Any CPU
		{4AA86193-4163-4451-9E7A-3A03D925E97C}.Release|Any CPU.Build.0 = Release|Any CPU
		{5E0D8705-9477-4577-97BB-F4639EA8B0C1}.Debug|Any CPU.ActiveCfg = Debug|Any CPU
		{5E0D8705-9477-4577-97BB-F4639EA8B0C1}.Debug|Any CPU.Build.0 = Debug|Any CPU
		{5E0D8705-9477-4577-97BB-F4639EA8B0C1}.Release|Any CPU.ActiveCfg = Release|Any CPU
		{5E0D8705-9477-4577-97BB-F4639EA8B0C1}.Release|Any CPU.Build.0 = Release|Any CPU
		{D4895FC7-B7DA-47D4-B46A-259C8E38C1FC}.Debug|Any CPU.ActiveCfg = Debug|Any CPU
		{D4895FC7-B7DA-47D4-B46A-259C8E38C1FC}.Debug|Any CPU.Build.0 = Debug|Any CPU
		{D4895FC7-B7DA-47D4-B46A-259C8E38C1FC}.Release|Any CPU.ActiveCfg = Release|Any CPU
		{D4895FC7-B7DA-47D4-B46A-259C8E38C1FC}.Release|Any CPU.Build.0 = Release|Any CPU
		{B26BA503-8721-4547-BCB7-E373C73AEB37}.Debug|Any CPU.ActiveCfg = Debug|Any CPU
		{B26BA503-8721-4547-BCB7-E373C73AEB37}.Debug|Any CPU.Build.0 = Debug|Any CPU
		{B26BA503-8721-4547-BCB7-E373C73AEB37}.Release|Any CPU.ActiveCfg = Release|Any CPU
		{B26BA503-8721-4547-BCB7-E373C73AEB37}.Release|Any CPU.Build.0 = Release|Any CPU
	EndGlobalSection
	GlobalSection(SolutionProperties) = preSolution
		HideSolutionNode = FALSE
	EndGlobalSection
	GlobalSection(NestedProjects) = preSolution
		{4AA86193-4163-4451-9E7A-3A03D925E97C} = {5819B631-AB5E-437C-AD43-D53F8A38086B}
		{5E0D8705-9477-4577-97BB-F4639EA8B0C1} = {5819B631-AB5E-437C-AD43-D53F8A38086B}
		{D4895FC7-B7DA-47D4-B46A-259C8E38C1FC} = {5819B631-AB5E-437C-AD43-D53F8A38086B}
		{B26BA503-8721-4547-BCB7-E373C73AEB37} = {5819B631-AB5E-437C-AD43-D53F8A38086B}
	EndGlobalSection
	GlobalSection(ExtensibilityGlobals) = postSolution
		SolutionGuid = {B737546D-27B2-46C7-875A-B2E5C30F191A}
	EndGlobalSection
EndGlobal
