
Microsoft Visual Studio Solution File, Format Version 12.00
# Visual Studio 2013
VisualStudioVersion = 12.0.21005.1
MinimumVisualStudioVersion = 10.0.40219.1
Project("{FAE04EC0-301F-11D3-BF4B-00C04F79EFBC}") = "Ivony.Core", "Ivony.Core\Ivony.Core.csproj", "{BF0B37E7-2D93-4A3D-AD6D-0B51B66F5B21}"
EndProject
Project("{FAE04EC0-301F-11D3-BF4B-00C04F79EFBC}") = "Ivony.Html", "Ivony.Html\Ivony.Html.csproj", "{E775B408-605F-4B66-87B6-98596069B703}"
EndProject
Project("{FAE04EC0-301F-11D3-BF4B-00C04F79EFBC}") = "Ivony.Html.Dynamic", "Ivony.Html.Dynamic\Ivony.Html.Dynamic.csproj", "{66D674F8-5C60-4A9D-9BB5-2E5C86625F90}"
EndProject
Project("{FAE04EC0-301F-11D3-BF4B-00C04F79EFBC}") = "Ivony.Html.Forms", "Ivony.Html.Forms\Ivony.Html.Forms.csproj", "{1DAB4B96-D944-46FE-BC73-7B618DEE169F}"
EndProject
Project("{FAE04EC0-301F-11D3-BF4B-00C04F79EFBC}") = "Ivony.Html.JQuery", "Ivony.Html.JQuery\Ivony.Html.JQuery.csproj", "{12E4C636-F4CD-4E60-A13D-439C818AC279}"
EndProject
Project("{FAE04EC0-301F-11D3-BF4B-00C04F79EFBC}") = "Ivony.Html.Parser", "Ivony.Html.Parser\Ivony.Html.Parser.csproj", "{D05D58D3-5C3A-41BD-BA9E-2AA532A3B1BE}"
EndProject
Project("{FAE04EC0-301F-11D3-BF4B-00C04F79EFBC}") = "Ivony.Html.Styles", "Ivony.Html.Styles\Ivony.Html.Styles.csproj", "{297CF6F8-CDDB-4BD6-ACF8-E7A2E4D9E804}"
EndProject
Project("{FAE04EC0-301F-11D3-BF4B-00C04F79EFBC}") = "Ivony.Html.Web", "Ivony.Html.Web\Ivony.Html.Web.csproj", "{6CE7336E-D881-40B2-9495-C06CF9A61AC6}"
EndProject
Project("{FAE04EC0-301F-11D3-BF4B-00C04F79EFBC}") = "Ivony.Html.Web.Mvc", "Ivony.Html.Web.Mvc\Ivony.Html.Web.Mvc.csproj", "{2FC154E1-E0E5-4F34-A6DB-973D5332070A}"
EndProject
Project("{FAE04EC0-301F-11D3-BF4B-00C04F79EFBC}") = "MhtCreator", "MhtCreator\MhtCreator.csproj", "{8A4B2ACB-5C79-4171-950E-2FA7D8325A52}"
EndProject
Project("{FAE04EC0-301F-11D3-BF4B-00C04F79EFBC}") = "Ivony.Html.LegacyDomModel", "Ivony.Html.LegacyDomModel\Ivony.Html.LegacyDomModel.csproj", "{43ED2A81-21D8-4105-AE7B-7F03F9E98557}"
EndProject
Project("{FAE04EC0-301F-11D3-BF4B-00C04F79EFBC}") = "Ivony.Html.Templates", "Ivony.Html.Templates\Ivony.Html.Templates.csproj", "{1B363540-4F50-48CC-93C8-19EB85024AC2}"
EndProject
Project("{FAE04EC0-301F-11D3-BF4B-00C04F79EFBC}") = "MSHTML.Adapter", "MSHTML.Adapter\MSHTML.Adapter.csproj", "{150787A5-84FE-49EB-ACAD-B04838DF6B25}"
EndProject
Project("{FAE04EC0-301F-11D3-BF4B-00C04F79EFBC}") = "HtmlTranslater", "HtmlTranslater\HtmlTranslater.csproj", "{4C76EF80-FBA8-4454-A2A6-B75E1D709553}"
EndProject
Project("{2150E333-8FDC-42A3-9474-1A3956D46DE8}") = "Future", "Future", "{3016984C-F51C-41C0-8EAD-315960501D33}"
EndProject
Project("{2150E333-8FDC-42A3-9474-1A3956D46DE8}") = "Legacy", "Legacy", "{4B94B6DA-59D9-48FB-A05E-BE25C4C7EEDA}"
EndProject
Project("{2150E333-8FDC-42A3-9474-1A3956D46DE8}") = "Test", "Test", "{5819B631-AB5E-437C-AD43-D53F8A38086B}"
EndProject
Project("{2150E333-8FDC-42A3-9474-1A3956D46DE8}") = "Demo", "Demo", "{9CA214D9-ABAE-4202-A1E1-6E1E5802FE0C}"
EndProject
Project("{2150E333-8FDC-42A3-9474-1A3956D46DE8}") = "Adapter", "Adapter", "{AF5D7B06-51A8-4AA0-86A2-BC1FCC4D08A4}"
EndProject
Project("{FAE04EC0-301F-11D3-BF4B-00C04F79EFBC}") = "CssTest", "SelectorTest\CssTest.csproj", "{4AA86193-4163-4451-9E7A-3A03D925E97C}"
EndProject
Project("{FAE04EC0-301F-11D3-BF4B-00C04F79EFBC}") = "Ivony.Html.Web.Binding", "Ivony.Html.Web.Binding\Ivony.Html.Web.Binding.csproj", "{F35F2A61-7147-43CE-8D3C-2785455064A2}"
EndProject
Project("{FAE04EC0-301F-11D3-BF4B-00C04F79EFBC}") = "RegularsAssemblyBuilder", "RegularsAssemblyBuilder\RegularsAssemblyBuilder.csproj", "{1C8EEB5A-310B-4042-AF3B-062E91F045A8}"
EndProject
Project("{FAE04EC0-301F-11D3-BF4B-00C04F79EFBC}") = "TestConsole", "TestConsole\TestConsole.csproj", "{5E0D8705-9477-4577-97BB-F4639EA8B0C1}"
EndProject
Project("{2150E333-8FDC-42A3-9474-1A3956D46DE8}") = "Solution Items", "Solution Items", "{C186DFE3-0B29-4212-9EEF-609BFFB73324}"
	ProjectSection(SolutionItems) = preProject
		MvcSimpleTodo_.psess = MvcSimpleTodo_.psess
	EndProjectSection
EndProject
Project("{FAE04EC0-301F-11D3-BF4B-00C04F79EFBC}") = "SpeficationTest", "SpeficationTest\SpeficationTest.csproj", "{D4895FC7-B7DA-47D4-B46A-259C8E38C1FC}"
EndProject
Project("{E24C65DC-7377-472B-9ABA-BC803B73C61A}") = "DomTree", "http://localhost:32907", "{C69BFC19-85B7-415D-A754-9F674169ACBD}"
	ProjectSection(WebsiteProperties) = preProject
		UseIISExpress = "true"
		TargetFrameworkMoniker = ".NETFramework,Version%3Dv4.0"
		ProjectReferences = "{e775b408-605f-4b66-87b6-98596069b703}|Ivony.Html.dll;{BF0B37E7-2D93-4A3D-AD6D-0B51B66F5B21}|Ivony.Core.dll;{2fc154e1-e0e5-4f34-a6db-973d5332070a}|Ivony.Html.Web.Mvc.dll;{1DAB4B96-D944-46FE-BC73-7B618DEE169F}|Ivony.Html.Forms.dll;{D05D58D3-5C3A-41BD-BA9E-2AA532A3B1BE}|Ivony.Html.Parser.dll;{6CE7336E-D881-40B2-9495-C06CF9A61AC6}|Ivony.Html.Web.dll;{82C4EE66-01F7-44C8-B9FF-A6AC3694E459}|Ivony.Web.dll;"
		Debug.AspNetCompiler.VirtualPath = "/localhost_32907"
		Debug.AspNetCompiler.PhysicalPath = "WebSite\DomTree\"
		Debug.AspNetCompiler.TargetPath = "PrecompiledWeb\localhost_32907\"
		Debug.AspNetCompiler.Updateable = "true"
		Debug.AspNetCompiler.ForceOverwrite = "true"
		Debug.AspNetCompiler.FixedNames = "false"
		Debug.AspNetCompiler.Debug = "True"
		Release.AspNetCompiler.VirtualPath = "/localhost_32907"
		Release.AspNetCompiler.PhysicalPath = "WebSite\DomTree\"
		Release.AspNetCompiler.TargetPath = "PrecompiledWeb\localhost_32907\"
		Release.AspNetCompiler.Updateable = "true"
		Release.AspNetCompiler.ForceOverwrite = "true"
		Release.AspNetCompiler.FixedNames = "false"
		Release.AspNetCompiler.Debug = "False"
		SlnRelativePath = "WebSite\DomTree\"
		DefaultWebSiteLanguage = "Visual C#"
	EndProjectSection
EndProject
Project("{E24C65DC-7377-472B-9ABA-BC803B73C61A}") = "JumonyGuide", "http://localhost:9873", "{00200A5B-B49C-44ED-94E8-245359363C69}"
	ProjectSection(WebsiteProperties) = preProject
		UseIISExpress = "true"
		TargetFrameworkMoniker = ".NETFramework,Version%3Dv4.0"
		ProjectReferences = "{bf0b37e7-2d93-4a3d-ad6d-0b51b66f5b21}|Ivony.Core.dll;{e775b408-605f-4b66-87b6-98596069b703}|Ivony.Html.dll;{6ce7336e-d881-40b2-9495-c06cf9a61ac6}|Ivony.Html.Web.dll;{D05D58D3-5C3A-41BD-BA9E-2AA532A3B1BE}|Ivony.Html.Parser.dll;{297cf6f8-cddb-4bd6-acf8-e7a2e4d9e804}|Ivony.Html.Styles.dll;{82C4EE66-01F7-44C8-B9FF-A6AC3694E459}|Ivony.Web.dll;"
		Debug.AspNetCompiler.VirtualPath = "/localhost_9873"
		Debug.AspNetCompiler.PhysicalPath = "WebSite\JumonyGuide\"
		Debug.AspNetCompiler.TargetPath = "PrecompiledWeb\localhost_9873\"
		Debug.AspNetCompiler.Updateable = "true"
		Debug.AspNetCompiler.ForceOverwrite = "true"
		Debug.AspNetCompiler.FixedNames = "false"
		Debug.AspNetCompiler.Debug = "True"
		Release.AspNetCompiler.VirtualPath = "/localhost_9873"
		Release.AspNetCompiler.PhysicalPath = "WebSite\JumonyGuide\"
		Release.AspNetCompiler.TargetPath = "PrecompiledWeb\localhost_9873\"
		Release.AspNetCompiler.Updateable = "true"
		Release.AspNetCompiler.ForceOverwrite = "true"
		Release.AspNetCompiler.FixedNames = "false"
		Release.AspNetCompiler.Debug = "False"
		SlnRelativePath = "WebSite\JumonyGuide\"
		DefaultWebSiteLanguage = "Visual C#"
	EndProjectSection
EndProject
Project("{FAE04EC0-301F-11D3-BF4B-00C04F79EFBC}") = "Ivony.Web", "Ivony.Web\Ivony.Web.csproj", "{82C4EE66-01F7-44C8-B9FF-A6AC3694E459}"
EndProject
Project("{E24C65DC-7377-472B-9ABA-BC803B73C61A}") = "JumonySite", "http://localhost:1629", "{41B8513A-6921-422B-9A76-345B6335B666}"
	ProjectSection(WebsiteProperties) = preProject
		UseIISExpress = "true"
		TargetFrameworkMoniker = ".NETFramework,Version%3Dv4.0"
		ProjectReferences = "{2fc154e1-e0e5-4f34-a6db-973d5332070a}|Ivony.Html.Web.Mvc.dll;{BF0B37E7-2D93-4A3D-AD6D-0B51B66F5B21}|Ivony.Core.dll;{E775B408-605F-4B66-87B6-98596069B703}|Ivony.Html.dll;{1DAB4B96-D944-46FE-BC73-7B618DEE169F}|Ivony.Html.Forms.dll;{D05D58D3-5C3A-41BD-BA9E-2AA532A3B1BE}|Ivony.Html.Parser.dll;{6CE7336E-D881-40B2-9495-C06CF9A61AC6}|Ivony.Html.Web.dll;{82C4EE66-01F7-44C8-B9FF-A6AC3694E459}|Ivony.Web.dll;{157c4483-5593-400d-8f2c-87745ae46704}|Jumony.Demo.HelpCenter.dll;"
		Debug.AspNetCompiler.VirtualPath = "/localhost_1629"
		Debug.AspNetCompiler.PhysicalPath = "WebSite\JumonySite\"
		Debug.AspNetCompiler.TargetPath = "PrecompiledWeb\localhost_1629\"
		Debug.AspNetCompiler.Updateable = "true"
		Debug.AspNetCompiler.ForceOverwrite = "true"
		Debug.AspNetCompiler.FixedNames = "false"
		Debug.AspNetCompiler.Debug = "True"
		Release.AspNetCompiler.VirtualPath = "/localhost_1629"
		Release.AspNetCompiler.PhysicalPath = "WebSite\JumonySite\"
		Release.AspNetCompiler.TargetPath = "PrecompiledWeb\localhost_1629\"
		Release.AspNetCompiler.Updateable = "true"
		Release.AspNetCompiler.ForceOverwrite = "true"
		Release.AspNetCompiler.FixedNames = "false"
		Release.AspNetCompiler.Debug = "False"
		SlnRelativePath = "WebSite\JumonySite\"
		DefaultWebSiteLanguage = "Visual C#"
	EndProjectSection
EndProject
Project("{E24C65DC-7377-472B-9ABA-BC803B73C61A}") = "PartialTest", "http://localhost:5465", "{9F59712A-2689-4C78-A956-33DDD11E481F}"
	ProjectSection(WebsiteProperties) = preProject
		UseIISExpress = "true"
		TargetFrameworkMoniker = ".NETFramework,Version%3Dv4.5"
		ProjectReferences = "{2fc154e1-e0e5-4f34-a6db-973d5332070a}|Ivony.Html.Web.Mvc.dll;{BF0B37E7-2D93-4A3D-AD6D-0B51B66F5B21}|Ivony.Core.dll;{E775B408-605F-4B66-87B6-98596069B703}|Ivony.Html.dll;{1DAB4B96-D944-46FE-BC73-7B618DEE169F}|Ivony.Html.Forms.dll;{D05D58D3-5C3A-41BD-BA9E-2AA532A3B1BE}|Ivony.Html.Parser.dll;{6CE7336E-D881-40B2-9495-C06CF9A61AC6}|Ivony.Html.Web.dll;{82C4EE66-01F7-44C8-B9FF-A6AC3694E459}|Ivony.Web.dll;"
		Debug.AspNetCompiler.VirtualPath = "/localhost_5465"
		Debug.AspNetCompiler.PhysicalPath = "WebSite\PartialTest\"
		Debug.AspNetCompiler.TargetPath = "PrecompiledWeb\localhost_5465\"
		Debug.AspNetCompiler.Updateable = "true"
		Debug.AspNetCompiler.ForceOverwrite = "true"
		Debug.AspNetCompiler.FixedNames = "false"
		Debug.AspNetCompiler.Debug = "True"
		Release.AspNetCompiler.VirtualPath = "/localhost_5465"
		Release.AspNetCompiler.PhysicalPath = "WebSite\PartialTest\"
		Release.AspNetCompiler.TargetPath = "PrecompiledWeb\localhost_5465\"
		Release.AspNetCompiler.Updateable = "true"
		Release.AspNetCompiler.ForceOverwrite = "true"
		Release.AspNetCompiler.FixedNames = "false"
		Release.AspNetCompiler.Debug = "False"
		SlnRelativePath = "WebSite\PartialTest\"
		DefaultWebSiteLanguage = "Visual C#"
	EndProjectSection
EndProject
Project("{FAE04EC0-301F-11D3-BF4B-00C04F79EFBC}") = "Jumony.Demo.HelpCenter", "Jumony.Demo.HelpCenter\Jumony.Demo.HelpCenter.csproj", "{157C4483-5593-400D-8F2C-87745AE46704}"
EndProject
Project("{00D1A9C2-B5F0-4AF3-8072-F6C62B433612}") = "Database", "Database\Database.sqlproj", "{0D61713C-B5F2-4800-8AEC-0AE4F5D01FE8}"
EndProject
Project("{E24C65DC-7377-472B-9ABA-BC803B73C61A}") = "MvcSimpleTodo", "http://localhost:1888", "{29F93961-DF4F-4912-B376-892B62BDC93E}"
	ProjectSection(WebsiteProperties) = preProject
		UseIISExpress = "true"
		TargetFrameworkMoniker = ".NETFramework,Version%3Dv4.0"
		ProjectReferences = "{2FC154E1-E0E5-4F34-A6DB-973D5332070A}|Ivony.Html.Web.Mvc.dll;{BF0B37E7-2D93-4A3D-AD6D-0B51B66F5B21}|Ivony.Core.dll;{E775B408-605F-4B66-87B6-98596069B703}|Ivony.Html.dll;{1DAB4B96-D944-46FE-BC73-7B618DEE169F}|Ivony.Html.Forms.dll;{6CE7336E-D881-40B2-9495-C06CF9A61AC6}|Ivony.Html.Web.dll;{D05D58D3-5C3A-41BD-BA9E-2AA532A3B1BE}|Ivony.Html.Parser.dll;{1B363540-4F50-48CC-93C8-19EB85024AC2}|Ivony.Html.Templates.dll;{297CF6F8-CDDB-4BD6-ACF8-E7A2E4D9E804}|Ivony.Html.Styles.dll;{82C4EE66-01F7-44C8-B9FF-A6AC3694E459}|Ivony.Web.dll;"
		Debug.AspNetCompiler.VirtualPath = "/MvcSimpleTodo"
		Debug.AspNetCompiler.PhysicalPath = "WebSite\MvcSimpleTodo\"
		Debug.AspNetCompiler.TargetPath = "PrecompiledWeb\MvcSimpleTodo\"
		Debug.AspNetCompiler.Updateable = "false"
		Debug.AspNetCompiler.ForceOverwrite = "true"
		Debug.AspNetCompiler.FixedNames = "true"
		Debug.AspNetCompiler.Debug = "True"
		Release.AspNetCompiler.VirtualPath = "/MvcSimpleTodo"
		Release.AspNetCompiler.PhysicalPath = "WebSite\MvcSimpleTodo\"
		Release.AspNetCompiler.TargetPath = "PrecompiledWeb\MvcSimpleTodo\"
		Release.AspNetCompiler.Updateable = "false"
		Release.AspNetCompiler.ForceOverwrite = "true"
		Release.AspNetCompiler.FixedNames = "true"
		Release.AspNetCompiler.Debug = "False"
		SlnRelativePath = "WebSite\MvcSimpleTodo\"
	EndProjectSection
EndProject
Project("{FAE04EC0-301F-11D3-BF4B-00C04F79EFBC}") = "APITest", "APITest\APITest.csproj", "{B26BA503-8721-4547-BCB7-E373C73AEB37}"
EndProject
Project("{FAE04EC0-301F-11D3-BF4B-00C04F79EFBC}") = "Ivony.Html.Xml", "Ivony.Html.Xml\Ivony.Html.Xml.csproj", "{E54EE965-72D2-400B-8410-73BEB509060A}"
EndProject
Project("{E24C65DC-7377-472B-9ABA-BC803B73C61A}") = "WebTest", "http://localhost:7169", "{8D0D26C4-310D-42B3-9F41-52DFE149FAC1}"
	ProjectSection(WebsiteProperties) = preProject
		UseIISExpress = "true"
		TargetFrameworkMoniker = ".NETFramework,Version%3Dv4.5"
		ProjectReferences = "{2fc154e1-e0e5-4f34-a6db-973d5332070a}|Ivony.Html.Web.Mvc.dll;{BF0B37E7-2D93-4A3D-AD6D-0B51B66F5B21}|Ivony.Core.dll;{E775B408-605F-4B66-87B6-98596069B703}|Ivony.Html.dll;{1DAB4B96-D944-46FE-BC73-7B618DEE169F}|Ivony.Html.Forms.dll;{D05D58D3-5C3A-41BD-BA9E-2AA532A3B1BE}|Ivony.Html.Parser.dll;{6CE7336E-D881-40B2-9495-C06CF9A61AC6}|Ivony.Html.Web.dll;{82C4EE66-01F7-44C8-B9FF-A6AC3694E459}|Ivony.Web.dll;"
		Debug.AspNetCompiler.VirtualPath = "/localhost_7169"
		Debug.AspNetCompiler.PhysicalPath = "WebTest\"
		Debug.AspNetCompiler.TargetPath = "PrecompiledWeb\localhost_7169\"
		Debug.AspNetCompiler.Updateable = "true"
		Debug.AspNetCompiler.ForceOverwrite = "true"
		Debug.AspNetCompiler.FixedNames = "false"
		Debug.AspNetCompiler.Debug = "True"
		Release.AspNetCompiler.VirtualPath = "/localhost_7169"
		Release.AspNetCompiler.PhysicalPath = "WebTest\"
		Release.AspNetCompiler.TargetPath = "PrecompiledWeb\localhost_7169\"
		Release.AspNetCompiler.Updateable = "true"
		Release.AspNetCompiler.ForceOverwrite = "true"
		Release.AspNetCompiler.FixedNames = "false"
		Release.AspNetCompiler.Debug = "False"
		SlnRelativePath = "WebTest\"
	EndProjectSection
EndProject
Global
	GlobalSection(SolutionConfigurationPlatforms) = preSolution
		Debug|Any CPU = Debug|Any CPU
		Debug|Mixed Platforms = Debug|Mixed Platforms
		Debug|x86 = Debug|x86
		Release|Any CPU = Release|Any CPU
		Release|Mixed Platforms = Release|Mixed Platforms
		Release|x86 = Release|x86
	EndGlobalSection
	GlobalSection(ProjectConfigurationPlatforms) = postSolution
		{BF0B37E7-2D93-4A3D-AD6D-0B51B66F5B21}.Debug|Any CPU.ActiveCfg = Debug|Any CPU
		{BF0B37E7-2D93-4A3D-AD6D-0B51B66F5B21}.Debug|Any CPU.Build.0 = Debug|Any CPU
		{BF0B37E7-2D93-4A3D-AD6D-0B51B66F5B21}.Debug|Mixed Platforms.ActiveCfg = Debug|Any CPU
		{BF0B37E7-2D93-4A3D-AD6D-0B51B66F5B21}.Debug|Mixed Platforms.Build.0 = Debug|Any CPU
		{BF0B37E7-2D93-4A3D-AD6D-0B51B66F5B21}.Debug|x86.ActiveCfg = Debug|Any CPU
		{BF0B37E7-2D93-4A3D-AD6D-0B51B66F5B21}.Release|Any CPU.ActiveCfg = Release|Any CPU
		{BF0B37E7-2D93-4A3D-AD6D-0B51B66F5B21}.Release|Any CPU.Build.0 = Release|Any CPU
		{BF0B37E7-2D93-4A3D-AD6D-0B51B66F5B21}.Release|Mixed Platforms.ActiveCfg = Release|Any CPU
		{BF0B37E7-2D93-4A3D-AD6D-0B51B66F5B21}.Release|Mixed Platforms.Build.0 = Release|Any CPU
		{BF0B37E7-2D93-4A3D-AD6D-0B51B66F5B21}.Release|x86.ActiveCfg = Release|Any CPU
		{E775B408-605F-4B66-87B6-98596069B703}.Debug|Any CPU.ActiveCfg = Debug|Any CPU
		{E775B408-605F-4B66-87B6-98596069B703}.Debug|Any CPU.Build.0 = Debug|Any CPU
		{E775B408-605F-4B66-87B6-98596069B703}.Debug|Mixed Platforms.ActiveCfg = Debug|Any CPU
		{E775B408-605F-4B66-87B6-98596069B703}.Debug|Mixed Platforms.Build.0 = Debug|Any CPU
		{E775B408-605F-4B66-87B6-98596069B703}.Debug|x86.ActiveCfg = Debug|Any CPU
		{E775B408-605F-4B66-87B6-98596069B703}.Release|Any CPU.ActiveCfg = Release|Any CPU
		{E775B408-605F-4B66-87B6-98596069B703}.Release|Any CPU.Build.0 = Release|Any CPU
		{E775B408-605F-4B66-87B6-98596069B703}.Release|Mixed Platforms.ActiveCfg = Release|Any CPU
		{E775B408-605F-4B66-87B6-98596069B703}.Release|Mixed Platforms.Build.0 = Release|Any CPU
		{E775B408-605F-4B66-87B6-98596069B703}.Release|x86.ActiveCfg = Release|Any CPU
		{66D674F8-5C60-4A9D-9BB5-2E5C86625F90}.Debug|Any CPU.ActiveCfg = Debug|Any CPU
		{66D674F8-5C60-4A9D-9BB5-2E5C86625F90}.Debug|Any CPU.Build.0 = Debug|Any CPU
		{66D674F8-5C60-4A9D-9BB5-2E5C86625F90}.Debug|Mixed Platforms.ActiveCfg = Debug|Any CPU
		{66D674F8-5C60-4A9D-9BB5-2E5C86625F90}.Debug|Mixed Platforms.Build.0 = Debug|Any CPU
		{66D674F8-5C60-4A9D-9BB5-2E5C86625F90}.Debug|x86.ActiveCfg = Debug|Any CPU
		{66D674F8-5C60-4A9D-9BB5-2E5C86625F90}.Release|Any CPU.ActiveCfg = Release|Any CPU
		{66D674F8-5C60-4A9D-9BB5-2E5C86625F90}.Release|Any CPU.Build.0 = Release|Any CPU
		{66D674F8-5C60-4A9D-9BB5-2E5C86625F90}.Release|Mixed Platforms.ActiveCfg = Release|Any CPU
		{66D674F8-5C60-4A9D-9BB5-2E5C86625F90}.Release|Mixed Platforms.Build.0 = Release|Any CPU
		{66D674F8-5C60-4A9D-9BB5-2E5C86625F90}.Release|x86.ActiveCfg = Release|Any CPU
		{1DAB4B96-D944-46FE-BC73-7B618DEE169F}.Debug|Any CPU.ActiveCfg = Debug|Any CPU
		{1DAB4B96-D944-46FE-BC73-7B618DEE169F}.Debug|Any CPU.Build.0 = Debug|Any CPU
		{1DAB4B96-D944-46FE-BC73-7B618DEE169F}.Debug|Mixed Platforms.ActiveCfg = Debug|Any CPU
		{1DAB4B96-D944-46FE-BC73-7B618DEE169F}.Debug|Mixed Platforms.Build.0 = Debug|Any CPU
		{1DAB4B96-D944-46FE-BC73-7B618DEE169F}.Debug|x86.ActiveCfg = Debug|Any CPU
		{1DAB4B96-D944-46FE-BC73-7B618DEE169F}.Release|Any CPU.ActiveCfg = Release|Any CPU
		{1DAB4B96-D944-46FE-BC73-7B618DEE169F}.Release|Any CPU.Build.0 = Release|Any CPU
		{1DAB4B96-D944-46FE-BC73-7B618DEE169F}.Release|Mixed Platforms.ActiveCfg = Release|Any CPU
		{1DAB4B96-D944-46FE-BC73-7B618DEE169F}.Release|Mixed Platforms.Build.0 = Release|Any CPU
		{1DAB4B96-D944-46FE-BC73-7B618DEE169F}.Release|x86.ActiveCfg = Release|Any CPU
		{12E4C636-F4CD-4E60-A13D-439C818AC279}.Debug|Any CPU.ActiveCfg = Debug|Any CPU
		{12E4C636-F4CD-4E60-A13D-439C818AC279}.Debug|Any CPU.Build.0 = Debug|Any CPU
		{12E4C636-F4CD-4E60-A13D-439C818AC279}.Debug|Mixed Platforms.ActiveCfg = Debug|Any CPU
		{12E4C636-F4CD-4E60-A13D-439C818AC279}.Debug|Mixed Platforms.Build.0 = Debug|Any CPU
		{12E4C636-F4CD-4E60-A13D-439C818AC279}.Debug|x86.ActiveCfg = Debug|Any CPU
		{12E4C636-F4CD-4E60-A13D-439C818AC279}.Release|Any CPU.ActiveCfg = Release|Any CPU
		{12E4C636-F4CD-4E60-A13D-439C818AC279}.Release|Any CPU.Build.0 = Release|Any CPU
		{12E4C636-F4CD-4E60-A13D-439C818AC279}.Release|Mixed Platforms.ActiveCfg = Release|Any CPU
		{12E4C636-F4CD-4E60-A13D-439C818AC279}.Release|Mixed Platforms.Build.0 = Release|Any CPU
		{12E4C636-F4CD-4E60-A13D-439C818AC279}.Release|x86.ActiveCfg = Release|Any CPU
		{D05D58D3-5C3A-41BD-BA9E-2AA532A3B1BE}.Debug|Any CPU.ActiveCfg = Debug|Any CPU
		{D05D58D3-5C3A-41BD-BA9E-2AA532A3B1BE}.Debug|Any CPU.Build.0 = Debug|Any CPU
		{D05D58D3-5C3A-41BD-BA9E-2AA532A3B1BE}.Debug|Mixed Platforms.ActiveCfg = Debug|Any CPU
		{D05D58D3-5C3A-41BD-BA9E-2AA532A3B1BE}.Debug|Mixed Platforms.Build.0 = Debug|Any CPU
		{D05D58D3-5C3A-41BD-BA9E-2AA532A3B1BE}.Debug|x86.ActiveCfg = Debug|Any CPU
		{D05D58D3-5C3A-41BD-BA9E-2AA532A3B1BE}.Release|Any CPU.ActiveCfg = Release|Any CPU
		{D05D58D3-5C3A-41BD-BA9E-2AA532A3B1BE}.Release|Any CPU.Build.0 = Release|Any CPU
		{D05D58D3-5C3A-41BD-BA9E-2AA532A3B1BE}.Release|Mixed Platforms.ActiveCfg = Release|Any CPU
		{D05D58D3-5C3A-41BD-BA9E-2AA532A3B1BE}.Release|Mixed Platforms.Build.0 = Release|Any CPU
		{D05D58D3-5C3A-41BD-BA9E-2AA532A3B1BE}.Release|x86.ActiveCfg = Release|Any CPU
		{297CF6F8-CDDB-4BD6-ACF8-E7A2E4D9E804}.Debug|Any CPU.ActiveCfg = Debug|Any CPU
		{297CF6F8-CDDB-4BD6-ACF8-E7A2E4D9E804}.Debug|Any CPU.Build.0 = Debug|Any CPU
		{297CF6F8-CDDB-4BD6-ACF8-E7A2E4D9E804}.Debug|Mixed Platforms.ActiveCfg = Debug|Any CPU
		{297CF6F8-CDDB-4BD6-ACF8-E7A2E4D9E804}.Debug|Mixed Platforms.Build.0 = Debug|Any CPU
		{297CF6F8-CDDB-4BD6-ACF8-E7A2E4D9E804}.Debug|x86.ActiveCfg = Debug|Any CPU
		{297CF6F8-CDDB-4BD6-ACF8-E7A2E4D9E804}.Release|Any CPU.ActiveCfg = Release|Any CPU
		{297CF6F8-CDDB-4BD6-ACF8-E7A2E4D9E804}.Release|Any CPU.Build.0 = Release|Any CPU
		{297CF6F8-CDDB-4BD6-ACF8-E7A2E4D9E804}.Release|Mixed Platforms.ActiveCfg = Release|Any CPU
		{297CF6F8-CDDB-4BD6-ACF8-E7A2E4D9E804}.Release|Mixed Platforms.Build.0 = Release|Any CPU
		{297CF6F8-CDDB-4BD6-ACF8-E7A2E4D9E804}.Release|x86.ActiveCfg = Release|Any CPU
		{6CE7336E-D881-40B2-9495-C06CF9A61AC6}.Debug|Any CPU.ActiveCfg = Debug|Any CPU
		{6CE7336E-D881-40B2-9495-C06CF9A61AC6}.Debug|Any CPU.Build.0 = Debug|Any CPU
		{6CE7336E-D881-40B2-9495-C06CF9A61AC6}.Debug|Mixed Platforms.ActiveCfg = Debug|Any CPU
		{6CE7336E-D881-40B2-9495-C06CF9A61AC6}.Debug|Mixed Platforms.Build.0 = Debug|Any CPU
		{6CE7336E-D881-40B2-9495-C06CF9A61AC6}.Debug|x86.ActiveCfg = Debug|Any CPU
		{6CE7336E-D881-40B2-9495-C06CF9A61AC6}.Release|Any CPU.ActiveCfg = Release|Any CPU
		{6CE7336E-D881-40B2-9495-C06CF9A61AC6}.Release|Any CPU.Build.0 = Release|Any CPU
		{6CE7336E-D881-40B2-9495-C06CF9A61AC6}.Release|Mixed Platforms.ActiveCfg = Release|Any CPU
		{6CE7336E-D881-40B2-9495-C06CF9A61AC6}.Release|Mixed Platforms.Build.0 = Release|Any CPU
		{6CE7336E-D881-40B2-9495-C06CF9A61AC6}.Release|x86.ActiveCfg = Release|Any CPU
		{2FC154E1-E0E5-4F34-A6DB-973D5332070A}.Debug|Any CPU.ActiveCfg = Debug|Any CPU
		{2FC154E1-E0E5-4F34-A6DB-973D5332070A}.Debug|Any CPU.Build.0 = Debug|Any CPU
		{2FC154E1-E0E5-4F34-A6DB-973D5332070A}.Debug|Mixed Platforms.ActiveCfg = Debug|Any CPU
		{2FC154E1-E0E5-4F34-A6DB-973D5332070A}.Debug|Mixed Platforms.Build.0 = Debug|Any CPU
		{2FC154E1-E0E5-4F34-A6DB-973D5332070A}.Debug|x86.ActiveCfg = Debug|Any CPU
		{2FC154E1-E0E5-4F34-A6DB-973D5332070A}.Release|Any CPU.ActiveCfg = Release|Any CPU
		{2FC154E1-E0E5-4F34-A6DB-973D5332070A}.Release|Any CPU.Build.0 = Release|Any CPU
		{2FC154E1-E0E5-4F34-A6DB-973D5332070A}.Release|Mixed Platforms.ActiveCfg = Release|Any CPU
		{2FC154E1-E0E5-4F34-A6DB-973D5332070A}.Release|Mixed Platforms.Build.0 = Release|Any CPU
		{2FC154E1-E0E5-4F34-A6DB-973D5332070A}.Release|x86.ActiveCfg = Release|Any CPU
		{8A4B2ACB-5C79-4171-950E-2FA7D8325A52}.Debug|Any CPU.ActiveCfg = Debug|x86
		{8A4B2ACB-5C79-4171-950E-2FA7D8325A52}.Debug|Mixed Platforms.ActiveCfg = Debug|x86
		{8A4B2ACB-5C79-4171-950E-2FA7D8325A52}.Debug|Mixed Platforms.Build.0 = Debug|x86
		{8A4B2ACB-5C79-4171-950E-2FA7D8325A52}.Debug|x86.ActiveCfg = Debug|x86
		{8A4B2ACB-5C79-4171-950E-2FA7D8325A52}.Debug|x86.Build.0 = Debug|x86
		{8A4B2ACB-5C79-4171-950E-2FA7D8325A52}.Release|Any CPU.ActiveCfg = Release|x86
		{8A4B2ACB-5C79-4171-950E-2FA7D8325A52}.Release|Mixed Platforms.ActiveCfg = Release|x86
		{8A4B2ACB-5C79-4171-950E-2FA7D8325A52}.Release|Mixed Platforms.Build.0 = Release|x86
		{8A4B2ACB-5C79-4171-950E-2FA7D8325A52}.Release|x86.ActiveCfg = Release|x86
		{8A4B2ACB-5C79-4171-950E-2FA7D8325A52}.Release|x86.Build.0 = Release|x86
		{43ED2A81-21D8-4105-AE7B-7F03F9E98557}.Debug|Any CPU.ActiveCfg = Debug|Any CPU
		{43ED2A81-21D8-4105-AE7B-7F03F9E98557}.Debug|Any CPU.Build.0 = Debug|Any CPU
		{43ED2A81-21D8-4105-AE7B-7F03F9E98557}.Debug|Mixed Platforms.ActiveCfg = Debug|Any CPU
		{43ED2A81-21D8-4105-AE7B-7F03F9E98557}.Debug|Mixed Platforms.Build.0 = Debug|Any CPU
		{43ED2A81-21D8-4105-AE7B-7F03F9E98557}.Debug|x86.ActiveCfg = Debug|Any CPU
		{43ED2A81-21D8-4105-AE7B-7F03F9E98557}.Release|Any CPU.ActiveCfg = Release|Any CPU
		{43ED2A81-21D8-4105-AE7B-7F03F9E98557}.Release|Any CPU.Build.0 = Release|Any CPU
		{43ED2A81-21D8-4105-AE7B-7F03F9E98557}.Release|Mixed Platforms.ActiveCfg = Release|Any CPU
		{43ED2A81-21D8-4105-AE7B-7F03F9E98557}.Release|Mixed Platforms.Build.0 = Release|Any CPU
		{43ED2A81-21D8-4105-AE7B-7F03F9E98557}.Release|x86.ActiveCfg = Release|Any CPU
		{1B363540-4F50-48CC-93C8-19EB85024AC2}.Debug|Any CPU.ActiveCfg = Debug|Any CPU
		{1B363540-4F50-48CC-93C8-19EB85024AC2}.Debug|Any CPU.Build.0 = Debug|Any CPU
		{1B363540-4F50-48CC-93C8-19EB85024AC2}.Debug|Mixed Platforms.ActiveCfg = Debug|Any CPU
		{1B363540-4F50-48CC-93C8-19EB85024AC2}.Debug|Mixed Platforms.Build.0 = Debug|Any CPU
		{1B363540-4F50-48CC-93C8-19EB85024AC2}.Debug|x86.ActiveCfg = Debug|Any CPU
		{1B363540-4F50-48CC-93C8-19EB85024AC2}.Release|Any CPU.ActiveCfg = Release|Any CPU
		{1B363540-4F50-48CC-93C8-19EB85024AC2}.Release|Any CPU.Build.0 = Release|Any CPU
		{1B363540-4F50-48CC-93C8-19EB85024AC2}.Release|Mixed Platforms.ActiveCfg = Release|Any CPU
		{1B363540-4F50-48CC-93C8-19EB85024AC2}.Release|Mixed Platforms.Build.0 = Release|Any CPU
		{1B363540-4F50-48CC-93C8-19EB85024AC2}.Release|x86.ActiveCfg = Release|Any CPU
		{150787A5-84FE-49EB-ACAD-B04838DF6B25}.Debug|Any CPU.ActiveCfg = Debug|Any CPU
		{150787A5-84FE-49EB-ACAD-B04838DF6B25}.Debug|Any CPU.Build.0 = Debug|Any CPU
		{150787A5-84FE-49EB-ACAD-B04838DF6B25}.Debug|Mixed Platforms.ActiveCfg = Debug|Any CPU
		{150787A5-84FE-49EB-ACAD-B04838DF6B25}.Debug|Mixed Platforms.Build.0 = Debug|Any CPU
		{150787A5-84FE-49EB-ACAD-B04838DF6B25}.Debug|x86.ActiveCfg = Debug|Any CPU
		{150787A5-84FE-49EB-ACAD-B04838DF6B25}.Release|Any CPU.ActiveCfg = Release|Any CPU
		{150787A5-84FE-49EB-ACAD-B04838DF6B25}.Release|Any CPU.Build.0 = Release|Any CPU
		{150787A5-84FE-49EB-ACAD-B04838DF6B25}.Release|Mixed Platforms.ActiveCfg = Release|Any CPU
		{150787A5-84FE-49EB-ACAD-B04838DF6B25}.Release|x86.ActiveCfg = Release|Any CPU
		{4C76EF80-FBA8-4454-A2A6-B75E1D709553}.Debug|Any CPU.ActiveCfg = Debug|x86
		{4C76EF80-FBA8-4454-A2A6-B75E1D709553}.Debug|Mixed Platforms.ActiveCfg = Debug|x86
		{4C76EF80-FBA8-4454-A2A6-B75E1D709553}.Debug|Mixed Platforms.Build.0 = Debug|x86
		{4C76EF80-FBA8-4454-A2A6-B75E1D709553}.Debug|x86.ActiveCfg = Debug|x86
		{4C76EF80-FBA8-4454-A2A6-B75E1D709553}.Debug|x86.Build.0 = Debug|x86
		{4C76EF80-FBA8-4454-A2A6-B75E1D709553}.Release|Any CPU.ActiveCfg = Release|x86
		{4C76EF80-FBA8-4454-A2A6-B75E1D709553}.Release|Mixed Platforms.ActiveCfg = Release|x86
		{4C76EF80-FBA8-4454-A2A6-B75E1D709553}.Release|Mixed Platforms.Build.0 = Release|x86
		{4C76EF80-FBA8-4454-A2A6-B75E1D709553}.Release|x86.ActiveCfg = Release|x86
		{4C76EF80-FBA8-4454-A2A6-B75E1D709553}.Release|x86.Build.0 = Release|x86
		{4AA86193-4163-4451-9E7A-3A03D925E97C}.Debug|Any CPU.ActiveCfg = Debug|Any CPU
		{4AA86193-4163-4451-9E7A-3A03D925E97C}.Debug|Any CPU.Build.0 = Debug|Any CPU
		{4AA86193-4163-4451-9E7A-3A03D925E97C}.Debug|Mixed Platforms.ActiveCfg = Debug|Any CPU
		{4AA86193-4163-4451-9E7A-3A03D925E97C}.Debug|Mixed Platforms.Build.0 = Debug|Any CPU
		{4AA86193-4163-4451-9E7A-3A03D925E97C}.Debug|x86.ActiveCfg = Debug|Any CPU
		{4AA86193-4163-4451-9E7A-3A03D925E97C}.Release|Any CPU.ActiveCfg = Release|Any CPU
		{4AA86193-4163-4451-9E7A-3A03D925E97C}.Release|Any CPU.Build.0 = Release|Any CPU
		{4AA86193-4163-4451-9E7A-3A03D925E97C}.Release|Mixed Platforms.ActiveCfg = Release|Any CPU
		{4AA86193-4163-4451-9E7A-3A03D925E97C}.Release|Mixed Platforms.Build.0 = Release|Any CPU
		{4AA86193-4163-4451-9E7A-3A03D925E97C}.Release|x86.ActiveCfg = Release|Any CPU
		{F35F2A61-7147-43CE-8D3C-2785455064A2}.Debug|Any CPU.ActiveCfg = Debug|Any CPU
		{F35F2A61-7147-43CE-8D3C-2785455064A2}.Debug|Any CPU.Build.0 = Debug|Any CPU
		{F35F2A61-7147-43CE-8D3C-2785455064A2}.Debug|Mixed Platforms.ActiveCfg = Debug|Any CPU
		{F35F2A61-7147-43CE-8D3C-2785455064A2}.Debug|Mixed Platforms.Build.0 = Debug|Any CPU
		{F35F2A61-7147-43CE-8D3C-2785455064A2}.Debug|x86.ActiveCfg = Debug|Any CPU
		{F35F2A61-7147-43CE-8D3C-2785455064A2}.Release|Any CPU.ActiveCfg = Release|Any CPU
		{F35F2A61-7147-43CE-8D3C-2785455064A2}.Release|Any CPU.Build.0 = Release|Any CPU
		{F35F2A61-7147-43CE-8D3C-2785455064A2}.Release|Mixed Platforms.ActiveCfg = Release|Any CPU
		{F35F2A61-7147-43CE-8D3C-2785455064A2}.Release|Mixed Platforms.Build.0 = Release|Any CPU
		{F35F2A61-7147-43CE-8D3C-2785455064A2}.Release|x86.ActiveCfg = Release|Any CPU
		{1C8EEB5A-310B-4042-AF3B-062E91F045A8}.Debug|Any CPU.ActiveCfg = Debug|Any CPU
		{1C8EEB5A-310B-4042-AF3B-062E91F045A8}.Debug|Any CPU.Build.0 = Debug|Any CPU
		{1C8EEB5A-310B-4042-AF3B-062E91F045A8}.Debug|Mixed Platforms.ActiveCfg = Debug|Any CPU
		{1C8EEB5A-310B-4042-AF3B-062E91F045A8}.Debug|Mixed Platforms.Build.0 = Debug|Any CPU
		{1C8EEB5A-310B-4042-AF3B-062E91F045A8}.Debug|x86.ActiveCfg = Debug|Any CPU
		{1C8EEB5A-310B-4042-AF3B-062E91F045A8}.Release|Any CPU.ActiveCfg = Release|Any CPU
		{1C8EEB5A-310B-4042-AF3B-062E91F045A8}.Release|Any CPU.Build.0 = Release|Any CPU
		{1C8EEB5A-310B-4042-AF3B-062E91F045A8}.Release|Mixed Platforms.ActiveCfg = Release|Any CPU
		{1C8EEB5A-310B-4042-AF3B-062E91F045A8}.Release|Mixed Platforms.Build.0 = Release|Any CPU
		{1C8EEB5A-310B-4042-AF3B-062E91F045A8}.Release|x86.ActiveCfg = Release|Any CPU
		{5E0D8705-9477-4577-97BB-F4639EA8B0C1}.Debug|Any CPU.ActiveCfg = Debug|Any CPU
		{5E0D8705-9477-4577-97BB-F4639EA8B0C1}.Debug|Any CPU.Build.0 = Debug|Any CPU
		{5E0D8705-9477-4577-97BB-F4639EA8B0C1}.Debug|Mixed Platforms.ActiveCfg = Debug|Any CPU
		{5E0D8705-9477-4577-97BB-F4639EA8B0C1}.Debug|Mixed Platforms.Build.0 = Debug|Any CPU
		{5E0D8705-9477-4577-97BB-F4639EA8B0C1}.Debug|x86.ActiveCfg = Debug|Any CPU
		{5E0D8705-9477-4577-97BB-F4639EA8B0C1}.Release|Any CPU.ActiveCfg = Release|Any CPU
		{5E0D8705-9477-4577-97BB-F4639EA8B0C1}.Release|Any CPU.Build.0 = Release|Any CPU
		{5E0D8705-9477-4577-97BB-F4639EA8B0C1}.Release|Mixed Platforms.ActiveCfg = Release|Any CPU
		{5E0D8705-9477-4577-97BB-F4639EA8B0C1}.Release|Mixed Platforms.Build.0 = Release|Any CPU
		{5E0D8705-9477-4577-97BB-F4639EA8B0C1}.Release|x86.ActiveCfg = Release|Any CPU
		{D4895FC7-B7DA-47D4-B46A-259C8E38C1FC}.Debug|Any CPU.ActiveCfg = Debug|Any CPU
		{D4895FC7-B7DA-47D4-B46A-259C8E38C1FC}.Debug|Any CPU.Build.0 = Debug|Any CPU
		{D4895FC7-B7DA-47D4-B46A-259C8E38C1FC}.Debug|Mixed Platforms.ActiveCfg = Debug|Any CPU
		{D4895FC7-B7DA-47D4-B46A-259C8E38C1FC}.Debug|Mixed Platforms.Build.0 = Debug|Any CPU
		{D4895FC7-B7DA-47D4-B46A-259C8E38C1FC}.Debug|x86.ActiveCfg = Debug|Any CPU
		{D4895FC7-B7DA-47D4-B46A-259C8E38C1FC}.Release|Any CPU.ActiveCfg = Release|Any CPU
		{D4895FC7-B7DA-47D4-B46A-259C8E38C1FC}.Release|Any CPU.Build.0 = Release|Any CPU
		{D4895FC7-B7DA-47D4-B46A-259C8E38C1FC}.Release|Mixed Platforms.ActiveCfg = Release|Any CPU
		{D4895FC7-B7DA-47D4-B46A-259C8E38C1FC}.Release|Mixed Platforms.Build.0 = Release|Any CPU
		{D4895FC7-B7DA-47D4-B46A-259C8E38C1FC}.Release|x86.ActiveCfg = Release|Any CPU
		{C69BFC19-85B7-415D-A754-9F674169ACBD}.Debug|Any CPU.ActiveCfg = Debug|Any CPU
		{C69BFC19-85B7-415D-A754-9F674169ACBD}.Debug|Any CPU.Build.0 = Debug|Any CPU
		{C69BFC19-85B7-415D-A754-9F674169ACBD}.Debug|Mixed Platforms.ActiveCfg = Debug|Any CPU
		{C69BFC19-85B7-415D-A754-9F674169ACBD}.Debug|Mixed Platforms.Build.0 = Debug|Any CPU
		{C69BFC19-85B7-415D-A754-9F674169ACBD}.Debug|x86.ActiveCfg = Debug|Any CPU
		{C69BFC19-85B7-415D-A754-9F674169ACBD}.Release|Any CPU.ActiveCfg = Debug|Any CPU
		{C69BFC19-85B7-415D-A754-9F674169ACBD}.Release|Any CPU.Build.0 = Debug|Any CPU
		{C69BFC19-85B7-415D-A754-9F674169ACBD}.Release|Mixed Platforms.ActiveCfg = Debug|Any CPU
		{C69BFC19-85B7-415D-A754-9F674169ACBD}.Release|Mixed Platforms.Build.0 = Debug|Any CPU
		{C69BFC19-85B7-415D-A754-9F674169ACBD}.Release|x86.ActiveCfg = Debug|Any CPU
		{00200A5B-B49C-44ED-94E8-245359363C69}.Debug|Any CPU.ActiveCfg = Debug|Any CPU
		{00200A5B-B49C-44ED-94E8-245359363C69}.Debug|Any CPU.Build.0 = Debug|Any CPU
		{00200A5B-B49C-44ED-94E8-245359363C69}.Debug|Mixed Platforms.ActiveCfg = Debug|Any CPU
		{00200A5B-B49C-44ED-94E8-245359363C69}.Debug|Mixed Platforms.Build.0 = Debug|Any CPU
		{00200A5B-B49C-44ED-94E8-245359363C69}.Debug|x86.ActiveCfg = Debug|Any CPU
		{00200A5B-B49C-44ED-94E8-245359363C69}.Release|Any CPU.ActiveCfg = Debug|Any CPU
		{00200A5B-B49C-44ED-94E8-245359363C69}.Release|Any CPU.Build.0 = Debug|Any CPU
		{00200A5B-B49C-44ED-94E8-245359363C69}.Release|Mixed Platforms.ActiveCfg = Debug|Any CPU
		{00200A5B-B49C-44ED-94E8-245359363C69}.Release|Mixed Platforms.Build.0 = Debug|Any CPU
		{00200A5B-B49C-44ED-94E8-245359363C69}.Release|x86.ActiveCfg = Debug|Any CPU
		{82C4EE66-01F7-44C8-B9FF-A6AC3694E459}.Debug|Any CPU.ActiveCfg = Debug|Any CPU
		{82C4EE66-01F7-44C8-B9FF-A6AC3694E459}.Debug|Any CPU.Build.0 = Debug|Any CPU
		{82C4EE66-01F7-44C8-B9FF-A6AC3694E459}.Debug|Mixed Platforms.ActiveCfg = Debug|Any CPU
		{82C4EE66-01F7-44C8-B9FF-A6AC3694E459}.Debug|Mixed Platforms.Build.0 = Debug|Any CPU
		{82C4EE66-01F7-44C8-B9FF-A6AC3694E459}.Debug|x86.ActiveCfg = Debug|Any CPU
		{82C4EE66-01F7-44C8-B9FF-A6AC3694E459}.Release|Any CPU.ActiveCfg = Release|Any CPU
		{82C4EE66-01F7-44C8-B9FF-A6AC3694E459}.Release|Any CPU.Build.0 = Release|Any CPU
		{82C4EE66-01F7-44C8-B9FF-A6AC3694E459}.Release|Mixed Platforms.ActiveCfg = Release|Any CPU
		{82C4EE66-01F7-44C8-B9FF-A6AC3694E459}.Release|Mixed Platforms.Build.0 = Release|Any CPU
		{82C4EE66-01F7-44C8-B9FF-A6AC3694E459}.Release|x86.ActiveCfg = Release|Any CPU
		{41B8513A-6921-422B-9A76-345B6335B666}.Debug|Any CPU.ActiveCfg = Debug|Any CPU
		{41B8513A-6921-422B-9A76-345B6335B666}.Debug|Any CPU.Build.0 = Debug|Any CPU
		{41B8513A-6921-422B-9A76-345B6335B666}.Debug|Mixed Platforms.ActiveCfg = Debug|Any CPU
		{41B8513A-6921-422B-9A76-345B6335B666}.Debug|Mixed Platforms.Build.0 = Debug|Any CPU
		{41B8513A-6921-422B-9A76-345B6335B666}.Debug|x86.ActiveCfg = Debug|Any CPU
		{41B8513A-6921-422B-9A76-345B6335B666}.Release|Any CPU.ActiveCfg = Debug|Any CPU
		{41B8513A-6921-422B-9A76-345B6335B666}.Release|Any CPU.Build.0 = Debug|Any CPU
		{41B8513A-6921-422B-9A76-345B6335B666}.Release|Mixed Platforms.ActiveCfg = Debug|Any CPU
		{41B8513A-6921-422B-9A76-345B6335B666}.Release|Mixed Platforms.Build.0 = Debug|Any CPU
		{41B8513A-6921-422B-9A76-345B6335B666}.Release|x86.ActiveCfg = Debug|Any CPU
		{9F59712A-2689-4C78-A956-33DDD11E481F}.Debug|Any CPU.ActiveCfg = Debug|Any CPU
		{9F59712A-2689-4C78-A956-33DDD11E481F}.Debug|Any CPU.Build.0 = Debug|Any CPU
		{9F59712A-2689-4C78-A956-33DDD11E481F}.Debug|Mixed Platforms.ActiveCfg = Debug|Any CPU
		{9F59712A-2689-4C78-A956-33DDD11E481F}.Debug|Mixed Platforms.Build.0 = Debug|Any CPU
		{9F59712A-2689-4C78-A956-33DDD11E481F}.Debug|x86.ActiveCfg = Debug|Any CPU
		{9F59712A-2689-4C78-A956-33DDD11E481F}.Release|Any CPU.ActiveCfg = Debug|Any CPU
		{9F59712A-2689-4C78-A956-33DDD11E481F}.Release|Any CPU.Build.0 = Debug|Any CPU
		{9F59712A-2689-4C78-A956-33DDD11E481F}.Release|Mixed Platforms.ActiveCfg = Debug|Any CPU
		{9F59712A-2689-4C78-A956-33DDD11E481F}.Release|Mixed Platforms.Build.0 = Debug|Any CPU
		{9F59712A-2689-4C78-A956-33DDD11E481F}.Release|x86.ActiveCfg = Debug|Any CPU
		{157C4483-5593-400D-8F2C-87745AE46704}.Debug|Any CPU.ActiveCfg = Debug|Any CPU
		{157C4483-5593-400D-8F2C-87745AE46704}.Debug|Any CPU.Build.0 = Debug|Any CPU
		{157C4483-5593-400D-8F2C-87745AE46704}.Debug|Mixed Platforms.ActiveCfg = Debug|Any CPU
		{157C4483-5593-400D-8F2C-87745AE46704}.Debug|Mixed Platforms.Build.0 = Debug|Any CPU
		{157C4483-5593-400D-8F2C-87745AE46704}.Debug|x86.ActiveCfg = Debug|Any CPU
		{157C4483-5593-400D-8F2C-87745AE46704}.Release|Any CPU.ActiveCfg = Release|Any CPU
		{157C4483-5593-400D-8F2C-87745AE46704}.Release|Any CPU.Build.0 = Release|Any CPU
		{157C4483-5593-400D-8F2C-87745AE46704}.Release|Mixed Platforms.ActiveCfg = Release|Any CPU
		{157C4483-5593-400D-8F2C-87745AE46704}.Release|Mixed Platforms.Build.0 = Release|Any CPU
		{157C4483-5593-400D-8F2C-87745AE46704}.Release|x86.ActiveCfg = Release|Any CPU
		{0D61713C-B5F2-4800-8AEC-0AE4F5D01FE8}.Debug|Any CPU.ActiveCfg = Debug|Any CPU
		{0D61713C-B5F2-4800-8AEC-0AE4F5D01FE8}.Debug|Any CPU.Build.0 = Debug|Any CPU
		{0D61713C-B5F2-4800-8AEC-0AE4F5D01FE8}.Debug|Any CPU.Deploy.0 = Debug|Any CPU
		{0D61713C-B5F2-4800-8AEC-0AE4F5D01FE8}.Debug|Mixed Platforms.ActiveCfg = Debug|Any CPU
		{0D61713C-B5F2-4800-8AEC-0AE4F5D01FE8}.Debug|Mixed Platforms.Build.0 = Debug|Any CPU
		{0D61713C-B5F2-4800-8AEC-0AE4F5D01FE8}.Debug|Mixed Platforms.Deploy.0 = Debug|Any CPU
		{0D61713C-B5F2-4800-8AEC-0AE4F5D01FE8}.Debug|x86.ActiveCfg = Debug|Any CPU
		{0D61713C-B5F2-4800-8AEC-0AE4F5D01FE8}.Release|Any CPU.ActiveCfg = Release|Any CPU
		{0D61713C-B5F2-4800-8AEC-0AE4F5D01FE8}.Release|Any CPU.Build.0 = Release|Any CPU
		{0D61713C-B5F2-4800-8AEC-0AE4F5D01FE8}.Release|Any CPU.Deploy.0 = Release|Any CPU
		{0D61713C-B5F2-4800-8AEC-0AE4F5D01FE8}.Release|Mixed Platforms.ActiveCfg = Release|Any CPU
		{0D61713C-B5F2-4800-8AEC-0AE4F5D01FE8}.Release|Mixed Platforms.Build.0 = Release|Any CPU
		{0D61713C-B5F2-4800-8AEC-0AE4F5D01FE8}.Release|Mixed Platforms.Deploy.0 = Release|Any CPU
		{0D61713C-B5F2-4800-8AEC-0AE4F5D01FE8}.Release|x86.ActiveCfg = Release|Any CPU
		{29F93961-DF4F-4912-B376-892B62BDC93E}.Debug|Any CPU.ActiveCfg = Debug|Any CPU
		{29F93961-DF4F-4912-B376-892B62BDC93E}.Debug|Any CPU.Build.0 = Debug|Any CPU
		{29F93961-DF4F-4912-B376-892B62BDC93E}.Debug|Mixed Platforms.ActiveCfg = Debug|Any CPU
		{29F93961-DF4F-4912-B376-892B62BDC93E}.Debug|Mixed Platforms.Build.0 = Debug|Any CPU
		{29F93961-DF4F-4912-B376-892B62BDC93E}.Debug|x86.ActiveCfg = Debug|Any CPU
		{29F93961-DF4F-4912-B376-892B62BDC93E}.Release|Any CPU.ActiveCfg = Debug|Any CPU
		{29F93961-DF4F-4912-B376-892B62BDC93E}.Release|Any CPU.Build.0 = Debug|Any CPU
		{29F93961-DF4F-4912-B376-892B62BDC93E}.Release|Mixed Platforms.ActiveCfg = Debug|Any CPU
		{29F93961-DF4F-4912-B376-892B62BDC93E}.Release|Mixed Platforms.Build.0 = Debug|Any CPU
		{29F93961-DF4F-4912-B376-892B62BDC93E}.Release|x86.ActiveCfg = Debug|Any CPU
		{B26BA503-8721-4547-BCB7-E373C73AEB37}.Debug|Any CPU.ActiveCfg = Debug|Any CPU
		{B26BA503-8721-4547-BCB7-E373C73AEB37}.Debug|Any CPU.Build.0 = Debug|Any CPU
		{B26BA503-8721-4547-BCB7-E373C73AEB37}.Debug|Mixed Platforms.ActiveCfg = Debug|Any CPU
		{B26BA503-8721-4547-BCB7-E373C73AEB37}.Debug|Mixed Platforms.Build.0 = Debug|Any CPU
		{B26BA503-8721-4547-BCB7-E373C73AEB37}.Debug|x86.ActiveCfg = Debug|Any CPU
		{B26BA503-8721-4547-BCB7-E373C73AEB37}.Release|Any CPU.ActiveCfg = Release|Any CPU
		{B26BA503-8721-4547-BCB7-E373C73AEB37}.Release|Any CPU.Build.0 = Release|Any CPU
		{B26BA503-8721-4547-BCB7-E373C73AEB37}.Release|Mixed Platforms.ActiveCfg = Release|Any CPU
		{B26BA503-8721-4547-BCB7-E373C73AEB37}.Release|Mixed Platforms.Build.0 = Release|Any CPU
		{B26BA503-8721-4547-BCB7-E373C73AEB37}.Release|x86.ActiveCfg = Release|Any CPU
		{E54EE965-72D2-400B-8410-73BEB509060A}.Debug|Any CPU.ActiveCfg = Debug|Any CPU
		{E54EE965-72D2-400B-8410-73BEB509060A}.Debug|Any CPU.Build.0 = Debug|Any CPU
		{E54EE965-72D2-400B-8410-73BEB509060A}.Debug|Mixed Platforms.ActiveCfg = Debug|Any CPU
		{E54EE965-72D2-400B-8410-73BEB509060A}.Debug|Mixed Platforms.Build.0 = Debug|Any CPU
		{E54EE965-72D2-400B-8410-73BEB509060A}.Debug|x86.ActiveCfg = Debug|Any CPU
		{E54EE965-72D2-400B-8410-73BEB509060A}.Release|Any CPU.ActiveCfg = Release|Any CPU
		{E54EE965-72D2-400B-8410-73BEB509060A}.Release|Any CPU.Build.0 = Release|Any CPU
		{E54EE965-72D2-400B-8410-73BEB509060A}.Release|Mixed Platforms.ActiveCfg = Release|Any CPU
		{E54EE965-72D2-400B-8410-73BEB509060A}.Release|Mixed Platforms.Build.0 = Release|Any CPU
		{E54EE965-72D2-400B-8410-73BEB509060A}.Release|x86.ActiveCfg = Release|Any CPU
		{8D0D26C4-310D-42B3-9F41-52DFE149FAC1}.Debug|Any CPU.ActiveCfg = Debug|Any CPU
		{8D0D26C4-310D-42B3-9F41-52DFE149FAC1}.Debug|Any CPU.Build.0 = Debug|Any CPU
		{8D0D26C4-310D-42B3-9F41-52DFE149FAC1}.Debug|Mixed Platforms.ActiveCfg = Debug|Any CPU
		{8D0D26C4-310D-42B3-9F41-52DFE149FAC1}.Debug|Mixed Platforms.Build.0 = Debug|Any CPU
		{8D0D26C4-310D-42B3-9F41-52DFE149FAC1}.Debug|x86.ActiveCfg = Debug|Any CPU
		{8D0D26C4-310D-42B3-9F41-52DFE149FAC1}.Release|Any CPU.ActiveCfg = Debug|Any CPU
		{8D0D26C4-310D-42B3-9F41-52DFE149FAC1}.Release|Any CPU.Build.0 = Debug|Any CPU
		{8D0D26C4-310D-42B3-9F41-52DFE149FAC1}.Release|Mixed Platforms.ActiveCfg = Debug|Any CPU
		{8D0D26C4-310D-42B3-9F41-52DFE149FAC1}.Release|Mixed Platforms.Build.0 = Debug|Any CPU
		{8D0D26C4-310D-42B3-9F41-52DFE149FAC1}.Release|x86.ActiveCfg = Debug|Any CPU
	EndGlobalSection
	GlobalSection(SolutionProperties) = preSolution
		HideSolutionNode = FALSE
	EndGlobalSection
	GlobalSection(NestedProjects) = preSolution
		{12E4C636-F4CD-4E60-A13D-439C818AC279} = {3016984C-F51C-41C0-8EAD-315960501D33}
		{297CF6F8-CDDB-4BD6-ACF8-E7A2E4D9E804} = {3016984C-F51C-41C0-8EAD-315960501D33}
		{1B363540-4F50-48CC-93C8-19EB85024AC2} = {3016984C-F51C-41C0-8EAD-315960501D33}
		{66D674F8-5C60-4A9D-9BB5-2E5C86625F90} = {3016984C-F51C-41C0-8EAD-315960501D33}
		{F35F2A61-7147-43CE-8D3C-2785455064A2} = {3016984C-F51C-41C0-8EAD-315960501D33}
		{E54EE965-72D2-400B-8410-73BEB509060A} = {3016984C-F51C-41C0-8EAD-315960501D33}
		{4C76EF80-FBA8-4454-A2A6-B75E1D709553} = {9CA214D9-ABAE-4202-A1E1-6E1E5802FE0C}
		{8A4B2ACB-5C79-4171-950E-2FA7D8325A52} = {9CA214D9-ABAE-4202-A1E1-6E1E5802FE0C}
		{C69BFC19-85B7-415D-A754-9F674169ACBD} = {9CA214D9-ABAE-4202-A1E1-6E1E5802FE0C}
		{00200A5B-B49C-44ED-94E8-245359363C69} = {9CA214D9-ABAE-4202-A1E1-6E1E5802FE0C}
		{41B8513A-6921-422B-9A76-345B6335B666} = {9CA214D9-ABAE-4202-A1E1-6E1E5802FE0C}
		{157C4483-5593-400D-8F2C-87745AE46704} = {9CA214D9-ABAE-4202-A1E1-6E1E5802FE0C}
		{0D61713C-B5F2-4800-8AEC-0AE4F5D01FE8} = {9CA214D9-ABAE-4202-A1E1-6E1E5802FE0C}
		{29F93961-DF4F-4912-B376-892B62BDC93E} = {9CA214D9-ABAE-4202-A1E1-6E1E5802FE0C}
		{43ED2A81-21D8-4105-AE7B-7F03F9E98557} = {4B94B6DA-59D9-48FB-A05E-BE25C4C7EEDA}
		{150787A5-84FE-49EB-ACAD-B04838DF6B25} = {AF5D7B06-51A8-4AA0-86A2-BC1FCC4D08A4}
		{4AA86193-4163-4451-9E7A-3A03D925E97C} = {5819B631-AB5E-437C-AD43-D53F8A38086B}
		{5E0D8705-9477-4577-97BB-F4639EA8B0C1} = {5819B631-AB5E-437C-AD43-D53F8A38086B}
		{D4895FC7-B7DA-47D4-B46A-259C8E38C1FC} = {5819B631-AB5E-437C-AD43-D53F8A38086B}
		{9F59712A-2689-4C78-A956-33DDD11E481F} = {5819B631-AB5E-437C-AD43-D53F8A38086B}
		{B26BA503-8721-4547-BCB7-E373C73AEB37} = {5819B631-AB5E-437C-AD43-D53F8A38086B}
		{8D0D26C4-310D-42B3-9F41-52DFE149FAC1} = {5819B631-AB5E-437C-AD43-D53F8A38086B}
	EndGlobalSection
EndGlobal
